// !$*UTF8*$!
{
	archiveVersion = 1;
	classes = {
	};
	objectVersion = 46;
	objects = {

/* Begin PBXBuildFile section */
		53ACD9A11D61BB040012EFC8 /* myselfRecord.mp3 in Resources */ = {isa = PBXBuildFile; fileRef = 53ACD9A01D61BB040012EFC8 /* myselfRecord.mp3 */; };
		53ACD9A41D61C0A40012EFC8 /* RecordViewController.m in Sources */ = {isa = PBXBuildFile; fileRef = 53ACD9A31D61C0A30012EFC8 /* RecordViewController.m */; };
		53ACD9A71D61C1140012EFC8 /* libmp3lame.a in Frameworks */ = {isa = PBXBuildFile; fileRef = 53ACD9A61D61C1140012EFC8 /* libmp3lame.a */; };
		53C0A25F1D61A4C2009C6467 /* main.m in Sources */ = {isa = PBXBuildFile; fileRef = 53C0A25E1D61A4C2009C6467 /* main.m */; };
		53C0A2621D61A4C2009C6467 /* AppDelegate.m in Sources */ = {isa = PBXBuildFile; fileRef = 53C0A2611D61A4C2009C6467 /* AppDelegate.m */; };
		53C0A2681D61A4C2009C6467 /* Main.storyboard in Resources */ = {isa = PBXBuildFile; fileRef = 53C0A2661D61A4C2009C6467 /* Main.storyboard */; };
		53C0A26A1D61A4C2009C6467 /* Assets.xcassets in Resources */ = {isa = PBXBuildFile; fileRef = 53C0A2691D61A4C2009C6467 /* Assets.xcassets */; };
		53C0A26D1D61A4C2009C6467 /* LaunchScreen.storyboard in Resources */ = {isa = PBXBuildFile; fileRef = 53C0A26B1D61A4C2009C6467 /* LaunchScreen.storyboard */; };
		53C0A2781D61A4C2009C6467 /* testSpeechRecognitionTests.m in Sources */ = {isa = PBXBuildFile; fileRef = 53C0A2771D61A4C2009C6467 /* testSpeechRecognitionTests.m */; };
		53C0A2831D61A4C2009C6467 /* testSpeechRecognitionUITests.m in Sources */ = {isa = PBXBuildFile; fileRef = 53C0A2821D61A4C2009C6467 /* testSpeechRecognitionUITests.m */; };
		53C0A2911D61A5A7009C6467 /* 123.mp3 in Resources */ = {isa = PBXBuildFile; fileRef = 53C0A2901D61A5A7009C6467 /* 123.mp3 */; };
/* End PBXBuildFile section */

/* Begin PBXContainerItemProxy section */
		53C0A2741D61A4C2009C6467 /* PBXContainerItemProxy */ = {
			isa = PBXContainerItemProxy;
			containerPortal = 53C0A2521D61A4C2009C6467 /* Project object */;
			proxyType = 1;
			remoteGlobalIDString = 53C0A2591D61A4C2009C6467;
			remoteInfo = testSpeechRecognition;
		};
		53C0A27F1D61A4C2009C6467 /* PBXContainerItemProxy */ = {
			isa = PBXContainerItemProxy;
			containerPortal = 53C0A2521D61A4C2009C6467 /* Project object */;
			proxyType = 1;
			remoteGlobalIDString = 53C0A2591D61A4C2009C6467;
			remoteInfo = testSpeechRecognition;
		};
/* End PBXContainerItemProxy section */

/* Begin PBXFileReference section */
		53ACD9A01D61BB040012EFC8 /* myselfRecord.mp3 */ = {isa = PBXFileReference; lastKnownFileType = audio.mp3; path = myselfRecord.mp3; sourceTree = "<group>"; };
		53ACD9A21D61C0A30012EFC8 /* RecordViewController.h */ = {isa = PBXFileReference; fileEncoding = 4; lastKnownFileType = sourcecode.c.h; path = RecordViewController.h; sourceTree = "<group>"; };
		53ACD9A31D61C0A30012EFC8 /* RecordViewController.m */ = {isa = PBXFileReference; fileEncoding = 4; lastKnownFileType = sourcecode.c.objc; path = RecordViewController.m; sourceTree = "<group>"; };
		53ACD9A51D61C1140012EFC8 /* lame.h */ = {isa = PBXFileReference; fileEncoding = 4; lastKnownFileType = sourcecode.c.h; path = lame.h; sourceTree = "<group>"; };
		53ACD9A61D61C1140012EFC8 /* libmp3lame.a */ = {isa = PBXFileReference; lastKnownFileType = archive.ar; path = libmp3lame.a; sourceTree = "<group>"; };
		53C0A25A1D61A4C2009C6467 /* testSpeechRecognition.app */ = {isa = PBXFileReference; explicitFileType = wrapper.application; includeInIndex = 0; path = testSpeechRecognition.app; sourceTree = BUILT_PRODUCTS_DIR; };
		53C0A25E1D61A4C2009C6467 /* main.m */ = {isa = PBXFileReference; lastKnownFileType = sourcecode.c.objc; path = main.m; sourceTree = "<group>"; };
		53C0A2601D61A4C2009C6467 /* AppDelegate.h */ = {isa = PBXFileReference; lastKnownFileType = sourcecode.c.h; path = AppDelegate.h; sourceTree = "<group>"; };
		53C0A2611D61A4C2009C6467 /* AppDelegate.m */ = {isa = PBXFileReference; lastKnownFileType = sourcecode.c.objc; path = AppDelegate.m; sourceTree = "<group>"; };
		53C0A2671D61A4C2009C6467 /* Base */ = {isa = PBXFileReference; lastKnownFileType = file.storyboard; name = Base; path = Base.lproj/Main.storyboard; sourceTree = "<group>"; };
		53C0A2691D61A4C2009C6467 /* Assets.xcassets */ = {isa = PBXFileReference; lastKnownFileType = folder.assetcatalog; path = Assets.xcassets; sourceTree = "<group>"; };
		53C0A26C1D61A4C2009C6467 /* Base */ = {isa = PBXFileReference; lastKnownFileType = file.storyboard; name = Base; path = Base.lproj/LaunchScreen.storyboard; sourceTree = "<group>"; };
		53C0A26E1D61A4C2009C6467 /* Info.plist */ = {isa = PBXFileReference; lastKnownFileType = text.plist.xml; path = Info.plist; sourceTree = "<group>"; };
		53C0A2731D61A4C2009C6467 /* testSpeechRecognitionTests.xctest */ = {isa = PBXFileReference; explicitFileType = wrapper.cfbundle; includeInIndex = 0; path = testSpeechRecognitionTests.xctest; sourceTree = BUILT_PRODUCTS_DIR; };
		53C0A2771D61A4C2009C6467 /* testSpeechRecognitionTests.m */ = {isa = PBXFileReference; lastKnownFileType = sourcecode.c.objc; path = testSpeechRecognitionTests.m; sourceTree = "<group>"; };
		53C0A2791D61A4C2009C6467 /* Info.plist */ = {isa = PBXFileReference; lastKnownFileType = text.plist.xml; path = Info.plist; sourceTree = "<group>"; };
		53C0A27E1D61A4C2009C6467 /* testSpeechRecognitionUITests.xctest */ = {isa = PBXFileReference; explicitFileType = wrapper.cfbundle; includeInIndex = 0; path = testSpeechRecognitionUITests.xctest; sourceTree = BUILT_PRODUCTS_DIR; };
		53C0A2821D61A4C2009C6467 /* testSpeechRecognitionUITests.m */ = {isa = PBXFileReference; lastKnownFileType = sourcecode.c.objc; path = testSpeechRecognitionUITests.m; sourceTree = "<group>"; };
		53C0A2841D61A4C2009C6467 /* Info.plist */ = {isa = PBXFileReference; lastKnownFileType = text.plist.xml; path = Info.plist; sourceTree = "<group>"; };
		53C0A2901D61A5A7009C6467 /* 123.mp3 */ = {isa = PBXFileReference; lastKnownFileType = audio.mp3; path = 123.mp3; sourceTree = "<group>"; };
		53C0A2921D61B87F009C6467 /* play.aac */ = {isa = PBXFileReference; lastKnownFileType = file; path = play.aac; sourceTree = "<group>"; };
/* End PBXFileReference section */

/* Begin PBXFrameworksBuildPhase section */
		53C0A2571D61A4C2009C6467 /* Frameworks */ = {
			isa = PBXFrameworksBuildPhase;
			buildActionMask = 2147483647;
			files = (
				53ACD9A71D61C1140012EFC8 /* libmp3lame.a in Frameworks */,
			);
			runOnlyForDeploymentPostprocessing = 0;
		};
		53C0A2701D61A4C2009C6467 /* Frameworks */ = {
			isa = PBXFrameworksBuildPhase;
			buildActionMask = 2147483647;
			files = (
			);
			runOnlyForDeploymentPostprocessing = 0;
		};
		53C0A27B1D61A4C2009C6467 /* Frameworks */ = {
			isa = PBXFrameworksBuildPhase;
			buildActionMask = 2147483647;
			files = (
			);
			runOnlyForDeploymentPostprocessing = 0;
		};
/* End PBXFrameworksBuildPhase section */

/* Begin PBXGroup section */
		53C0A2511D61A4C2009C6467 = {
			isa = PBXGroup;
			children = (
				53C0A25C1D61A4C2009C6467 /* testSpeechRecognition */,
				53C0A2761D61A4C2009C6467 /* testSpeechRecognitionTests */,
				53C0A2811D61A4C2009C6467 /* testSpeechRecognitionUITests */,
				53C0A25B1D61A4C2009C6467 /* Products */,
			);
			sourceTree = "<group>";
		};
		53C0A25B1D61A4C2009C6467 /* Products */ = {
			isa = PBXGroup;
			children = (
				53C0A25A1D61A4C2009C6467 /* testSpeechRecognition.app */,
				53C0A2731D61A4C2009C6467 /* testSpeechRecognitionTests.xctest */,
				53C0A27E1D61A4C2009C6467 /* testSpeechRecognitionUITests.xctest */,
			);
			name = Products;
			sourceTree = "<group>";
		};
		53C0A25C1D61A4C2009C6467 /* testSpeechRecognition */ = {
			isa = PBXGroup;
			children = (
				53C0A2601D61A4C2009C6467 /* AppDelegate.h */,
				53C0A2611D61A4C2009C6467 /* AppDelegate.m */,
				53ACD9A21D61C0A30012EFC8 /* RecordViewController.h */,
				53ACD9A31D61C0A30012EFC8 /* RecordViewController.m */,
				53ACD9A01D61BB040012EFC8 /* myselfRecord.mp3 */,
				53C0A2921D61B87F009C6467 /* play.aac */,
				53C0A2901D61A5A7009C6467 /* 123.mp3 */,
				53C0A2661D61A4C2009C6467 /* Main.storyboard */,
				53C0A2691D61A4C2009C6467 /* Assets.xcassets */,
				53C0A26B1D61A4C2009C6467 /* LaunchScreen.storyboard */,
				53C0A26E1D61A4C2009C6467 /* Info.plist */,
				53C0A25D1D61A4C2009C6467 /* Supporting Files */,
			);
			path = testSpeechRecognition;
			sourceTree = "<group>";
		};
		53C0A25D1D61A4C2009C6467 /* Supporting Files */ = {
			isa = PBXGroup;
			children = (
				53ACD9A51D61C1140012EFC8 /* lame.h */,
				53ACD9A61D61C1140012EFC8 /* libmp3lame.a */,
				53C0A25E1D61A4C2009C6467 /* main.m */,
			);
			name = "Supporting Files";
			sourceTree = "<group>";
		};
		53C0A2761D61A4C2009C6467 /* testSpeechRecognitionTests */ = {
			isa = PBXGroup;
			children = (
				53C0A2771D61A4C2009C6467 /* testSpeechRecognitionTests.m */,
				53C0A2791D61A4C2009C6467 /* Info.plist */,
			);
			path = testSpeechRecognitionTests;
			sourceTree = "<group>";
		};
		53C0A2811D61A4C2009C6467 /* testSpeechRecognitionUITests */ = {
			isa = PBXGroup;
			children = (
				53C0A2821D61A4C2009C6467 /* testSpeechRecognitionUITests.m */,
				53C0A2841D61A4C2009C6467 /* Info.plist */,
			);
			path = testSpeechRecognitionUITests;
			sourceTree = "<group>";
		};
/* End PBXGroup section */

/* Begin PBXNativeTarget section */
		53C0A2591D61A4C2009C6467 /* testSpeechRecognition */ = {
			isa = PBXNativeTarget;
			buildConfigurationList = 53C0A2871D61A4C2009C6467 /* Build configuration list for PBXNativeTarget "testSpeechRecognition" */;
			buildPhases = (
				53C0A2561D61A4C2009C6467 /* Sources */,
				53C0A2571D61A4C2009C6467 /* Frameworks */,
				53C0A2581D61A4C2009C6467 /* Resources */,
			);
			buildRules = (
			);
			dependencies = (
			);
			name = testSpeechRecognition;
			productName = testSpeechRecognition;
			productReference = 53C0A25A1D61A4C2009C6467 /* testSpeechRecognition.app */;
			productType = "com.apple.product-type.application";
		};
		53C0A2721D61A4C2009C6467 /* testSpeechRecognitionTests */ = {
			isa = PBXNativeTarget;
			buildConfigurationList = 53C0A28A1D61A4C2009C6467 /* Build configuration list for PBXNativeTarget "testSpeechRecognitionTests" */;
			buildPhases = (
				53C0A26F1D61A4C2009C6467 /* Sources */,
				53C0A2701D61A4C2009C6467 /* Frameworks */,
				53C0A2711D61A4C2009C6467 /* Resources */,
			);
			buildRules = (
			);
			dependencies = (
				53C0A2751D61A4C2009C6467 /* PBXTargetDependency */,
			);
			name = testSpeechRecognitionTests;
			productName = testSpeechRecognitionTests;
			productReference = 53C0A2731D61A4C2009C6467 /* testSpeechRecognitionTests.xctest */;
			productType = "com.apple.product-type.bundle.unit-test";
		};
		53C0A27D1D61A4C2009C6467 /* testSpeechRecognitionUITests */ = {
			isa = PBXNativeTarget;
			buildConfigurationList = 53C0A28D1D61A4C2009C6467 /* Build configuration list for PBXNativeTarget "testSpeechRecognitionUITests" */;
			buildPhases = (
				53C0A27A1D61A4C2009C6467 /* Sources */,
				53C0A27B1D61A4C2009C6467 /* Frameworks */,
				53C0A27C1D61A4C2009C6467 /* Resources */,
			);
			buildRules = (
			);
			dependencies = (
				53C0A2801D61A4C2009C6467 /* PBXTargetDependency */,
			);
			name = testSpeechRecognitionUITests;
			productName = testSpeechRecognitionUITests;
			productReference = 53C0A27E1D61A4C2009C6467 /* testSpeechRecognitionUITests.xctest */;
			productType = "com.apple.product-type.bundle.ui-testing";
		};
/* End PBXNativeTarget section */

/* Begin PBXProject section */
		53C0A2521D61A4C2009C6467 /* Project object */ = {
			isa = PBXProject;
			attributes = {
				LastUpgradeCheck = 0800;
				ORGANIZATIONNAME = lst;
				TargetAttributes = {
					53C0A2591D61A4C2009C6467 = {
						CreatedOnToolsVersion = 8.0;
						DevelopmentTeam = 78UG2H9V45;
						DevelopmentTeamName = "Beijing lianchuanghongrui Network Technology Co., Ltd.";
						ProvisioningStyle = Automatic;
					};
					53C0A2721D61A4C2009C6467 = {
						CreatedOnToolsVersion = 8.0;
						DevelopmentTeam = 78UG2H9V45;
						DevelopmentTeamName = "Beijing lianchuanghongrui Network Technology Co., Ltd.";
						ProvisioningStyle = Automatic;
						TestTargetID = 53C0A2591D61A4C2009C6467;
					};
					53C0A27D1D61A4C2009C6467 = {
						CreatedOnToolsVersion = 8.0;
						DevelopmentTeam = 78UG2H9V45;
						DevelopmentTeamName = "Beijing lianchuanghongrui Network Technology Co., Ltd.";
						ProvisioningStyle = Automatic;
						TestTargetID = 53C0A2591D61A4C2009C6467;
					};
				};
			};
			buildConfigurationList = 53C0A2551D61A4C2009C6467 /* Build configuration list for PBXProject "testSpeechRecognition" */;
			compatibilityVersion = "Xcode 3.2";
			developmentRegion = English;
			hasScannedForEncodings = 0;
			knownRegions = (
				en,
				Base,
			);
			mainGroup = 53C0A2511D61A4C2009C6467;
			productRefGroup = 53C0A25B1D61A4C2009C6467 /* Products */;
			projectDirPath = "";
			projectRoot = "";
			targets = (
				53C0A2591D61A4C2009C6467 /* testSpeechRecognition */,
				53C0A2721D61A4C2009C6467 /* testSpeechRecognitionTests */,
				53C0A27D1D61A4C2009C6467 /* testSpeechRecognitionUITests */,
			);
		};
/* End PBXProject section */

/* Begin PBXResourcesBuildPhase section */
		53C0A2581D61A4C2009C6467 /* Resources */ = {
			isa = PBXResourcesBuildPhase;
			buildActionMask = 2147483647;
			files = (
				53C0A26D1D61A4C2009C6467 /* LaunchScreen.storyboard in Resources */,
				53ACD9A11D61BB040012EFC8 /* myselfRecord.mp3 in Resources */,
				53C0A26A1D61A4C2009C6467 /* Assets.xcassets in Resources */,
				53C0A2911D61A5A7009C6467 /* 123.mp3 in Resources */,
				53C0A2681D61A4C2009C6467 /* Main.storyboard in Resources */,
			);
			runOnlyForDeploymentPostprocessing = 0;
		};
		53C0A2711D61A4C2009C6467 /* Resources */ = {
			isa = PBXResourcesBuildPhase;
			buildActionMask = 2147483647;
			files = (
			);
			runOnlyForDeploymentPostprocessing = 0;
		};
		53C0A27C1D61A4C2009C6467 /* Resources */ = {
			isa = PBXResourcesBuildPhase;
			buildActionMask = 2147483647;
			files = (
			);
			runOnlyForDeploymentPostprocessing = 0;
		};
/* End PBXResourcesBuildPhase section */

/* Begin PBXSourcesBuildPhase section */
		53C0A2561D61A4C2009C6467 /* Sources */ = {
			isa = PBXSourcesBuildPhase;
			buildActionMask = 2147483647;
			files = (
				53C0A2621D61A4C2009C6467 /* AppDelegate.m in Sources */,
				53C0A25F1D61A4C2009C6467 /* main.m in Sources */,
				53ACD9A41D61C0A40012EFC8 /* RecordViewController.m in Sources */,
			);
			runOnlyForDeploymentPostprocessing = 0;
		};
		53C0A26F1D61A4C2009C6467 /* Sources */ = {
			isa = PBXSourcesBuildPhase;
			buildActionMask = 2147483647;
			files = (
				53C0A2781D61A4C2009C6467 /* testSpeechRecognitionTests.m in Sources */,
			);
			runOnlyForDeploymentPostprocessing = 0;
		};
		53C0A27A1D61A4C2009C6467 /* Sources */ = {
			isa = PBXSourcesBuildPhase;
			buildActionMask = 2147483647;
			files = (
				53C0A2831D61A4C2009C6467 /* testSpeechRecognitionUITests.m in Sources */,
			);
			runOnlyForDeploymentPostprocessing = 0;
		};
/* End PBXSourcesBuildPhase section */

/* Begin PBXTargetDependency section */
		53C0A2751D61A4C2009C6467 /* PBXTargetDependency */ = {
			isa = PBXTargetDependency;
			target = 53C0A2591D61A4C2009C6467 /* testSpeechRecognition */;
			targetProxy = 53C0A2741D61A4C2009C6467 /* PBXContainerItemProxy */;
		};
		53C0A2801D61A4C2009C6467 /* PBXTargetDependency */ = {
			isa = PBXTargetDependency;
			target = 53C0A2591D61A4C2009C6467 /* testSpeechRecognition */;
			targetProxy = 53C0A27F1D61A4C2009C6467 /* PBXContainerItemProxy */;
		};
/* End PBXTargetDependency section */

/* Begin PBXVariantGroup section */
		53C0A2661D61A4C2009C6467 /* Main.storyboard */ = {
			isa = PBXVariantGroup;
			children = (
				53C0A2671D61A4C2009C6467 /* Base */,
			);
			name = Main.storyboard;
			sourceTree = "<group>";
		};
		53C0A26B1D61A4C2009C6467 /* LaunchScreen.storyboard */ = {
			isa = PBXVariantGroup;
			children = (
				53C0A26C1D61A4C2009C6467 /* Base */,
			);
			name = LaunchScreen.storyboard;
			sourceTree = "<group>";
		};
/* End PBXVariantGroup section */

/* Begin XCBuildConfiguration section */
		53C0A2851D61A4C2009C6467 /* Debug */ = {
			isa = XCBuildConfiguration;
			buildSettings = {
				ALWAYS_SEARCH_USER_PATHS = NO;
				CLANG_ANALYZER_NONNULL = YES;
				CLANG_CXX_LANGUAGE_STANDARD = "gnu++0x";
				CLANG_CXX_LIBRARY = "libc++";
				CLANG_ENABLE_MODULES = YES;
				CLANG_ENABLE_OBJC_ARC = YES;
				CLANG_WARN_BOOL_CONVERSION = YES;
				CLANG_WARN_CONSTANT_CONVERSION = YES;
				CLANG_WARN_DIRECT_OBJC_ISA_USAGE = YES_ERROR;
				CLANG_WARN_DOCUMENTATION_COMMENTS = YES;
				CLANG_WARN_EMPTY_BODY = YES;
				CLANG_WARN_ENUM_CONVERSION = YES;
				CLANG_WARN_INT_CONVERSION = YES;
				CLANG_WARN_OBJC_ROOT_CLASS = YES_ERROR;
				CLANG_WARN_UNREACHABLE_CODE = YES;
				CLANG_WARN__DUPLICATE_METHOD_MATCH = YES;
				"CODE_SIGN_IDENTITY[sdk=iphoneos*]" = "iPhone Developer";
				COPY_PHASE_STRIP = NO;
				DEBUG_INFORMATION_FORMAT = dwarf;
				ENABLE_STRICT_OBJC_MSGSEND = YES;
				ENABLE_TESTABILITY = YES;
				GCC_C_LANGUAGE_STANDARD = gnu99;
				GCC_DYNAMIC_NO_PIC = NO;
				GCC_NO_COMMON_BLOCKS = YES;
				GCC_OPTIMIZATION_LEVEL = 0;
				GCC_PREPROCESSOR_DEFINITIONS = (
					"DEBUG=1",
					"$(inherited)",
				);
				GCC_WARN_64_TO_32_BIT_CONVERSION = YES;
				GCC_WARN_ABOUT_RETURN_TYPE = YES_ERROR;
				GCC_WARN_UNDECLARED_SELECTOR = YES;
				GCC_WARN_UNINITIALIZED_AUTOS = YES_AGGRESSIVE;
				GCC_WARN_UNUSED_FUNCTION = YES;
				GCC_WARN_UNUSED_VARIABLE = YES;
				IPHONEOS_DEPLOYMENT_TARGET = 10.0;
				MTL_ENABLE_DEBUG_INFO = YES;
				ONLY_ACTIVE_ARCH = YES;
				SDKROOT = iphoneos;
			};
			name = Debug;
		};
		53C0A2861D61A4C2009C6467 /* Release */ = {
			isa = XCBuildConfiguration;
			buildSettings = {
				ALWAYS_SEARCH_USER_PATHS = NO;
				CLANG_ANALYZER_NONNULL = YES;
				CLANG_CXX_LANGUAGE_STANDARD = "gnu++0x";
				CLANG_CXX_LIBRARY = "libc++";
				CLANG_ENABLE_MODULES = YES;
				CLANG_ENABLE_OBJC_ARC = YES;
				CLANG_WARN_BOOL_CONVERSION = YES;
				CLANG_WARN_CONSTANT_CONVERSION = YES;
				CLANG_WARN_DIRECT_OBJC_ISA_USAGE = YES_ERROR;
				CLANG_WARN_DOCUMENTATION_COMMENTS = YES;
				CLANG_WARN_EMPTY_BODY = YES;
				CLANG_WARN_ENUM_CONVERSION = YES;
				CLANG_WARN_INT_CONVERSION = YES;
				CLANG_WARN_OBJC_ROOT_CLASS = YES_ERROR;
				CLANG_WARN_UNREACHABLE_CODE = YES;
				CLANG_WARN__DUPLICATE_METHOD_MATCH = YES;
				"CODE_SIGN_IDENTITY[sdk=iphoneos*]" = "iPhone Developer";
				COPY_PHASE_STRIP = NO;
				DEBUG_INFORMATION_FORMAT = "dwarf-with-dsym";
				ENABLE_NS_ASSERTIONS = NO;
				ENABLE_STRICT_OBJC_MSGSEND = YES;
				GCC_C_LANGUAGE_STANDARD = gnu99;
				GCC_NO_COMMON_BLOCKS = YES;
				GCC_WARN_64_TO_32_BIT_CONVERSION = YES;
				GCC_WARN_ABOUT_RETURN_TYPE = YES_ERROR;
				GCC_WARN_UNDECLARED_SELECTOR = YES;
				GCC_WARN_UNINITIALIZED_AUTOS = YES_AGGRESSIVE;
				GCC_WARN_UNUSED_FUNCTION = YES;
				GCC_WARN_UNUSED_VARIABLE = YES;
				IPHONEOS_DEPLOYMENT_TARGET = 10.0;
				MTL_ENABLE_DEBUG_INFO = NO;
				SDKROOT = iphoneos;
				VALIDATE_PRODUCT = YES;
			};
			name = Release;
		};
		53C0A2881D61A4C2009C6467 /* Debug */ = {
			isa = XCBuildConfiguration;
			buildSettings = {
				ASSETCATALOG_COMPILER_APPICON_NAME = AppIcon;
				ENABLE_BITCODE = NO;
				INFOPLIST_FILE = testSpeechRecognition/Info.plist;
				LD_RUNPATH_SEARCH_PATHS = "$(inherited) @executable_path/Frameworks";
				LIBRARY_SEARCH_PATHS = (
					"$(inherited)",
					"$(PROJECT_DIR)/testSpeechRecognition",
				);
				PRODUCT_BUNDLE_IDENTIFIER = LianChuangHongRui.testSpeechRecognition;
				PRODUCT_NAME = "$(TARGET_NAME)";
			};
			name = Debug;
		};
		53C0A2891D61A4C2009C6467 /* Release */ = {
			isa = XCBuildConfiguration;
			buildSettings = {
				ASSETCATALOG_COMPILER_APPICON_NAME = AppIcon;
				ENABLE_BITCODE = NO;
				INFOPLIST_FILE = testSpeechRecognition/Info.plist;
				LD_RUNPATH_SEARCH_PATHS = "$(inherited) @executable_path/Frameworks";
				LIBRARY_SEARCH_PATHS = (
					"$(inherited)",
					"$(PROJECT_DIR)/testSpeechRecognition",
				);
				PRODUCT_BUNDLE_IDENTIFIER = LianChuangHongRui.testSpeechRecognition;
				PRODUCT_NAME = "$(TARGET_NAME)";
			};
			name = Release;
		};
		53C0A28B1D61A4C2009C6467 /* Debug */ = {
			isa = XCBuildConfiguration;
			buildSettings = {
				BUNDLE_LOADER = "$(TEST_HOST)";
				INFOPLIST_FILE = testSpeechRecognitionTests/Info.plist;
				LD_RUNPATH_SEARCH_PATHS = "$(inherited) @executable_path/Frameworks @loader_path/Frameworks";
				PRODUCT_BUNDLE_IDENTIFIER = LianChuangHongRui.testSpeechRecognitionTests;
				PRODUCT_NAME = "$(TARGET_NAME)";
				TEST_HOST = "$(BUILT_PRODUCTS_DIR)/testSpeechRecognition.app/testSpeechRecognition";
			};
			name = Debug;
		};
		53C0A28C1D61A4C2009C6467 /* Release */ = {
			isa = XCBuildConfiguration;
			buildSettings = {
				BUNDLE_LOADER = "$(TEST_HOST)";
				INFOPLIST_FILE = testSpeechRecognitionTests/Info.plist;
				LD_RUNPATH_SEARCH_PATHS = "$(inherited) @executable_path/Frameworks @loader_path/Frameworks";
				PRODUCT_BUNDLE_IDENTIFIER = LianChuangHongRui.testSpeechRecognitionTests;
				PRODUCT_NAME = "$(TARGET_NAME)";
				TEST_HOST = "$(BUILT_PRODUCTS_DIR)/testSpeechRecognition.app/testSpeechRecognition";
			};
			name = Release;
		};
		53C0A28E1D61A4C2009C6467 /* Debug */ = {
			isa = XCBuildConfiguration;
			buildSettings = {
				INFOPLIST_FILE = testSpeechRecognitionUITests/Info.plist;
				LD_RUNPATH_SEARCH_PATHS = "$(inherited) @executable_path/Frameworks @loader_path/Frameworks";
				PRODUCT_BUNDLE_IDENTIFIER = LianChuangHongRui.testSpeechRecognitionUITests;
				PRODUCT_NAME = "$(TARGET_NAME)";
				TEST_TARGET_NAME = testSpeechRecognition;
			};
			name = Debug;
		};
		53C0A28F1D61A4C2009C6467 /* Release */ = {
			isa = XCBuildConfiguration;
			buildSettings = {
				INFOPLIST_FILE = testSpeechRecognitionUITests/Info.plist;
				LD_RUNPATH_SEARCH_PATHS = "$(inherited) @executable_path/Frameworks @loader_path/Frameworks";
				PRODUCT_BUNDLE_IDENTIFIER = LianChuangHongRui.testSpeechRecognitionUITests;
				PRODUCT_NAME = "$(TARGET_NAME)";
				TEST_TARGET_NAME = testSpeechRecognition;
			};
			name = Release;
		};
/* End XCBuildConfiguration section */

/* Begin XCConfigurationList section */
		53C0A2551D61A4C2009C6467 /* Build configuration list for PBXProject "testSpeechRecognition" */ = {
			isa = XCConfigurationList;
			buildConfigurations = (
				53C0A2851D61A4C2009C6467 /* Debug */,
				53C0A2861D61A4C2009C6467 /* Release */,
			);
			defaultConfigurationIsVisible = 0;
			defaultConfigurationName = Release;
		};
		53C0A2871D61A4C2009C6467 /* Build configuration list for PBXNativeTarget "testSpeechRecognition" */ = {
			isa = XCConfigurationList;
			buildConfigurations = (
				53C0A2881D61A4C2009C6467 /* Debug */,
				53C0A2891D61A4C2009C6467 /* Release */,
			);
			defaultConfigurationIsVisible = 0;
			defaultConfigurationName = Release;
		};
		53C0A28A1D61A4C2009C6467 /* Build configuration list for PBXNativeTarget "testSpeechRecognitionTests" */ = {
			isa = XCConfigurationList;
			buildConfigurations = (
				53C0A28B1D61A4C2009C6467 /* Debug */,
				53C0A28C1D61A4C2009C6467 /* Release */,
			);
			defaultConfigurationIsVisible = 0;
			defaultConfigurationName = Release;
		};
		53C0A28D1D61A4C2009C6467 /* Build configuration list for PBXNativeTarget "testSpeechRecognitionUITests" */ = {
			isa = XCConfigurationList;
			buildConfigurations = (
				53C0A28E1D61A4C2009C6467 /* Debug */,
				53C0A28F1D61A4C2009C6467 /* Release */,
			);
			defaultConfigurationIsVisible = 0;
			defaultConfigurationName = Release;
		};
/* End XCConfigurationList section */
	};
	rootObject = 53C0A2521D61A4C2009C6467 /* Project object */;
}
